
Microsoft Visual Studio Solution File, Format Version 12.00
# Visual Studio Version 17
VisualStudioVersion = 17.10.35027.167
MinimumVisualStudioVersion = 10.0.40219.1
Project("{FAE04EC0-301F-11D3-BF4B-00C04F79EFBC}") = "Expense Tracker", "Expense Tracker.csproj", "{44484A7F-F7DA-4A32-89E5-866808958353}"
EndProject
Global
	GlobalSection(SolutionConfigurationPlatforms) = preSolution
		Debug|Any CPU = Debug|Any CPU
		Release|Any CPU = Release|Any CPU
	EndGlobalSection
	GlobalSection(ProjectConfigurationPlatforms) = postSolution
		{44484A7F-F7DA-4A32-89E5-866808958353}.Debug|Any CPU.ActiveCfg = Debug|Any CPU
		{44484A7F-F7DA-4A32-89E5-866808958353}.Debug|Any CPU.Build.0 = Debug|Any CPU
		{44484A7F-F7DA-4A32-89E5-866808958353}.Release|Any CPU.ActiveCfg = Release|Any CPU
		{44484A7F-F7DA-4A32-89E5-866808958353}.Release|Any CPU.Build.0 = Release|Any CPU
	EndGlobalSection
	GlobalSection(SolutionProperties) = preSolution
		HideSolutionNode = FALSE
	EndGlobalSection
	GlobalSection(ExtensibilityGlobals) = postSolution
		SolutionGuid = {E9B1CF5B-79FC-4197-9D87-BAAF606E5CDD}
	EndGlobalSection
EndGlobal
